// !$*UTF8*$!
{
	archiveVersion = 1;
	classes = {
	};
	objectVersion = 46;
	objects = {

/* Begin PBXBuildFile section */
		C5FE73ED1A37AD9800A8934D /* main.m in Sources */ = {isa = PBXBuildFile; fileRef = C5FE73EC1A37AD9800A8934D /* main.m */; };
		C5FE73F01A37AD9800A8934D /* AppDelegate.m in Sources */ = {isa = PBXBuildFile; fileRef = C5FE73EF1A37AD9800A8934D /* AppDelegate.m */; };
		C5FE73F31A37AD9800A8934D /* ViewController.m in Sources */ = {isa = PBXBuildFile; fileRef = C5FE73F21A37AD9800A8934D /* ViewController.m */; };
		C5FE73F61A37AD9800A8934D /* Main.storyboard in Resources */ = {isa = PBXBuildFile; fileRef = C5FE73F41A37AD9800A8934D /* Main.storyboard */; };
		C5FE73F81A37AD9800A8934D /* Images.xcassets in Resources */ = {isa = PBXBuildFile; fileRef = C5FE73F71A37AD9800A8934D /* Images.xcassets */; };
		C5FE73FB1A37AD9800A8934D /* LaunchScreen.xib in Resources */ = {isa = PBXBuildFile; fileRef = C5FE73F91A37AD9800A8934D /* LaunchScreen.xib */; };
		C5FE74071A37AD9800A8934D /* AbstractClassesTests.m in Sources */ = {isa = PBXBuildFile; fileRef = C5FE74061A37AD9800A8934D /* AbstractClassesTests.m */; };
		C5FE74131A37ADE500A8934D /* BaseClass.m in Sources */ = {isa = PBXBuildFile; fileRef = C5FE74121A37ADE500A8934D /* BaseClass.m */; };
		C5FE74161A37AE9400A8934D /* Subclass1.m in Sources */ = {isa = PBXBuildFile; fileRef = C5FE74151A37AE9400A8934D /* Subclass1.m */; };
		C5FE74191A37AFA300A8934D /* Subclass2.m in Sources */ = {isa = PBXBuildFile; fileRef = C5FE74181A37AFA300A8934D /* Subclass2.m */; };
/* End PBXBuildFile section */

/* Begin PBXContainerItemProxy section */
		C5FE74011A37AD9800A8934D /* PBXContainerItemProxy */ = {
			isa = PBXContainerItemProxy;
			containerPortal = C5FE73DF1A37AD9800A8934D /* Project object */;
			proxyType = 1;
			remoteGlobalIDString = C5FE73E61A37AD9800A8934D;
			remoteInfo = AbstractClasses;
		};
/* End PBXContainerItemProxy section */

/* Begin PBXFileReference section */
		C5FE73E71A37AD9800A8934D /* AbstractClasses.app */ = {isa = PBXFileReference; explicitFileType = wrapper.application; includeInIndex = 0; path = AbstractClasses.app; sourceTree = BUILT_PRODUCTS_DIR; };
		C5FE73EB1A37AD9800A8934D /* Info.plist */ = {isa = PBXFileReference; lastKnownFileType = text.plist.xml; path = Info.plist; sourceTree = "<group>"; };
		C5FE73EC1A37AD9800A8934D /* main.m */ = {isa = PBXFileReference; lastKnownFileType = sourcecode.c.objc; path = main.m; sourceTree = "<group>"; };
		C5FE73EE1A37AD9800A8934D /* AppDelegate.h */ = {isa = PBXFileReference; lastKnownFileType = sourcecode.c.h; path = AppDelegate.h; sourceTree = "<group>"; };
		C5FE73EF1A37AD9800A8934D /* AppDelegate.m */ = {isa = PBXFileReference; lastKnownFileType = sourcecode.c.objc; path = AppDelegate.m; sourceTree = "<group>"; };
		C5FE73F11A37AD9800A8934D /* ViewController.h */ = {isa = PBXFileReference; lastKnownFileType = sourcecode.c.h; path = ViewController.h; sourceTree = "<group>"; };
		C5FE73F21A37AD9800A8934D /* ViewController.m */ = {isa = PBXFileReference; lastKnownFileType = sourcecode.c.objc; path = ViewController.m; sourceTree = "<group>"; };
		C5FE73F51A37AD9800A8934D /* Base */ = {isa = PBXFileReference; lastKnownFileType = file.storyboard; name = Base; path = Base.lproj/Main.storyboard; sourceTree = "<group>"; };
		C5FE73F71A37AD9800A8934D /* Images.xcassets */ = {isa = PBXFileReference; lastKnownFileType = folder.assetcatalog; path = Images.xcassets; sourceTree = "<group>"; };
		C5FE73FA1A37AD9800A8934D /* Base */ = {isa = PBXFileReference; lastKnownFileType = file.xib; name = Base; path = Base.lproj/LaunchScreen.xib; sourceTree = "<group>"; };
		C5FE74001A37AD9800A8934D /* AbstractClassesTests.xctest */ = {isa = PBXFileReference; explicitFileType = wrapper.cfbundle; includeInIndex = 0; path = AbstractClassesTests.xctest; sourceTree = BUILT_PRODUCTS_DIR; };
		C5FE74051A37AD9800A8934D /* Info.plist */ = {isa = PBXFileReference; lastKnownFileType = text.plist.xml; path = Info.plist; sourceTree = "<group>"; };
		C5FE74061A37AD9800A8934D /* AbstractClassesTests.m */ = {isa = PBXFileReference; lastKnownFileType = sourcecode.c.objc; path = AbstractClassesTests.m; sourceTree = "<group>"; };
		C5FE74111A37ADE500A8934D /* BaseClass.h */ = {isa = PBXFileReference; fileEncoding = 4; lastKnownFileType = sourcecode.c.h; path = BaseClass.h; sourceTree = "<group>"; };
		C5FE74121A37ADE500A8934D /* BaseClass.m */ = {isa = PBXFileReference; fileEncoding = 4; lastKnownFileType = sourcecode.c.objc; path = BaseClass.m; sourceTree = "<group>"; };
		C5FE74141A37AE9400A8934D /* Subclass1.h */ = {isa = PBXFileReference; fileEncoding = 4; lastKnownFileType = sourcecode.c.h; path = Subclass1.h; sourceTree = "<group>"; };
		C5FE74151A37AE9400A8934D /* Subclass1.m */ = {isa = PBXFileReference; fileEncoding = 4; lastKnownFileType = sourcecode.c.objc; path = Subclass1.m; sourceTree = "<group>"; };
		C5FE74171A37AFA300A8934D /* Subclass2.h */ = {isa = PBXFileReference; fileEncoding = 4; lastKnownFileType = sourcecode.c.h; path = Subclass2.h; sourceTree = "<group>"; };
		C5FE74181A37AFA300A8934D /* Subclass2.m */ = {isa = PBXFileReference; fileEncoding = 4; lastKnownFileType = sourcecode.c.objc; path = Subclass2.m; sourceTree = "<group>"; };
/* End PBXFileReference section */

/* Begin PBXFrameworksBuildPhase section */
		C5FE73E41A37AD9800A8934D /* Frameworks */ = {
			isa = PBXFrameworksBuildPhase;
			buildActionMask = 2147483647;
			files = (
			);
			runOnlyForDeploymentPostprocessing = 0;
		};
		C5FE73FD1A37AD9800A8934D /* Frameworks */ = {
			isa = PBXFrameworksBuildPhase;
			buildActionMask = 2147483647;
			files = (
			);
			runOnlyForDeploymentPostprocessing = 0;
		};
/* End PBXFrameworksBuildPhase section */

/* Begin PBXGroup section */
		C5FE73DE1A37AD9800A8934D = {
			isa = PBXGroup;
			children = (
				C5FE73E91A37AD9800A8934D /* AbstractClasses */,
				C5FE74031A37AD9800A8934D /* AbstractClassesTests */,
				C5FE73E81A37AD9800A8934D /* Products */,
			);
			sourceTree = "<group>";
		};
		C5FE73E81A37AD9800A8934D /* Products */ = {
			isa = PBXGroup;
			children = (
				C5FE73E71A37AD9800A8934D /* AbstractClasses.app */,
				C5FE74001A37AD9800A8934D /* AbstractClassesTests.xctest */,
			);
			name = Products;
			sourceTree = "<group>";
		};
		C5FE73E91A37AD9800A8934D /* AbstractClasses */ = {
			isa = PBXGroup;
			children = (
				C5FE74101A37ADC200A8934D /* AbstractTemplate */,
				C5FE73EE1A37AD9800A8934D /* AppDelegate.h */,
				C5FE73EF1A37AD9800A8934D /* AppDelegate.m */,
				C5FE73F11A37AD9800A8934D /* ViewController.h */,
				C5FE73F21A37AD9800A8934D /* ViewController.m */,
				C5FE73F41A37AD9800A8934D /* Main.storyboard */,
				C5FE73F71A37AD9800A8934D /* Images.xcassets */,
				C5FE73F91A37AD9800A8934D /* LaunchScreen.xib */,
				C5FE73EA1A37AD9800A8934D /* Supporting Files */,
			);
			path = AbstractClasses;
			sourceTree = "<group>";
		};
		C5FE73EA1A37AD9800A8934D /* Supporting Files */ = {
			isa = PBXGroup;
			children = (
				C5FE73EB1A37AD9800A8934D /* Info.plist */,
				C5FE73EC1A37AD9800A8934D /* main.m */,
			);
			name = "Supporting Files";
			sourceTree = "<group>";
		};
		C5FE74031A37AD9800A8934D /* AbstractClassesTests */ = {
			isa = PBXGroup;
			children = (
				C5FE74061A37AD9800A8934D /* AbstractClassesTests.m */,
				C5FE74041A37AD9800A8934D /* Supporting Files */,
			);
			path = AbstractClassesTests;
			sourceTree = "<group>";
		};
		C5FE74041A37AD9800A8934D /* Supporting Files */ = {
			isa = PBXGroup;
			children = (
				C5FE74051A37AD9800A8934D /* Info.plist */,
			);
			name = "Supporting Files";
			sourceTree = "<group>";
		};
		C5FE74101A37ADC200A8934D /* AbstractTemplate */ = {
			isa = PBXGroup;
			children = (
				C5FE74111A37ADE500A8934D /* BaseClass.h */,
				C5FE74121A37ADE500A8934D /* BaseClass.m */,
				C5FE74151A37AE9400A8934D /* Subclass1.m */,
				C5FE74141A37AE9400A8934D /* Subclass1.h */,
				C5FE74181A37AFA300A8934D /* Subclass2.m */,
				C5FE74171A37AFA300A8934D /* Subclass2.h */,
			);
			name = AbstractTemplate;
			sourceTree = "<group>";
		};
/* End PBXGroup section */

/* Begin PBXNativeTarget section */
		C5FE73E61A37AD9800A8934D /* AbstractClasses */ = {
			isa = PBXNativeTarget;
			buildConfigurationList = C5FE740A1A37AD9800A8934D /* Build configuration list for PBXNativeTarget "AbstractClasses" */;
			buildPhases = (
				C5FE73E31A37AD9800A8934D /* Sources */,
				C5FE73E41A37AD9800A8934D /* Frameworks */,
				C5FE73E51A37AD9800A8934D /* Resources */,
			);
			buildRules = (
			);
			dependencies = (
			);
			name = AbstractClasses;
			productName = AbstractClasses;
			productReference = C5FE73E71A37AD9800A8934D /* AbstractClasses.app */;
			productType = "com.apple.product-type.application";
		};
		C5FE73FF1A37AD9800A8934D /* AbstractClassesTests */ = {
			isa = PBXNativeTarget;
			buildConfigurationList = C5FE740D1A37AD9800A8934D /* Build configuration list for PBXNativeTarget "AbstractClassesTests" */;
			buildPhases = (
				C5FE73FC1A37AD9800A8934D /* Sources */,
				C5FE73FD1A37AD9800A8934D /* Frameworks */,
				C5FE73FE1A37AD9800A8934D /* Resources */,
			);
			buildRules = (
			);
			dependencies = (
				C5FE74021A37AD9800A8934D /* PBXTargetDependency */,
			);
			name = AbstractClassesTests;
			productName = AbstractClassesTests;
			productReference = C5FE74001A37AD9800A8934D /* AbstractClassesTests.xctest */;
			productType = "com.apple.product-type.bundle.unit-test";
		};
/* End PBXNativeTarget section */

/* Begin PBXProject section */
		C5FE73DF1A37AD9800A8934D /* Project object */ = {
			isa = PBXProject;
			attributes = {
				LastUpgradeCheck = 0610;
				ORGANIZATIONNAME = testing;
				TargetAttributes = {
					C5FE73E61A37AD9800A8934D = {
						CreatedOnToolsVersion = 6.1;
					};
					C5FE73FF1A37AD9800A8934D = {
						CreatedOnToolsVersion = 6.1;
						TestTargetID = C5FE73E61A37AD9800A8934D;
					};
				};
			};
			buildConfigurationList = C5FE73E21A37AD9800A8934D /* Build configuration list for PBXProject "AbstractClasses" */;
			compatibilityVersion = "Xcode 3.2";
			developmentRegion = English;
			hasScannedForEncodings = 0;
			knownRegions = (
				en,
				Base,
			);
			mainGroup = C5FE73DE1A37AD9800A8934D;
			productRefGroup = C5FE73E81A37AD9800A8934D /* Products */;
			projectDirPath = "";
			projectRoot = "";
			targets = (
				C5FE73E61A37AD9800A8934D /* AbstractClasses */,
				C5FE73FF1A37AD9800A8934D /* AbstractClassesTests */,
			);
		};
/* End PBXProject section */

/* Begin PBXResourcesBuildPhase section */
		C5FE73E51A37AD9800A8934D /* Resources */ = {
			isa = PBXResourcesBuildPhase;
			buildActionMask = 2147483647;
			files = (
				C5FE73F61A37AD9800A8934D /* Main.storyboard in Resources */,
				C5FE73FB1A37AD9800A8934D /* LaunchScreen.xib in Resources */,
				C5FE73F81A37AD9800A8934D /* Images.xcassets in Resources */,
			);
			runOnlyForDeploymentPostprocessing = 0;
		};
		C5FE73FE1A37AD9800A8934D /* Resources */ = {
			isa = PBXResourcesBuildPhase;
			buildActionMask = 2147483647;
			files = (
			);
			runOnlyForDeploymentPostprocessing = 0;
		};
/* End PBXResourcesBuildPhase section */

/* Begin PBXSourcesBuildPhase section */
		C5FE73E31A37AD9800A8934D /* Sources */ = {
			isa = PBXSourcesBuildPhase;
			buildActionMask = 2147483647;
			files = (
				C5FE74191A37AFA300A8934D /* Subclass2.m in Sources */,
				C5FE74161A37AE9400A8934D /* Subclass1.m in Sources */,
				C5FE73F31A37AD9800A8934D /* ViewController.m in Sources */,
				C5FE73F01A37AD9800A8934D /* AppDelegate.m in Sources */,
				C5FE73ED1A37AD9800A8934D /* main.m in Sources */,
				C5FE74131A37ADE500A8934D /* BaseClass.m in Sources */,
			);
			runOnlyForDeploymentPostprocessing = 0;
		};
		C5FE73FC1A37AD9800A8934D /* Sources */ = {
			isa = PBXSourcesBuildPhase;
			buildActionMask = 2147483647;
			files = (
				C5FE74071A37AD9800A8934D /* AbstractClassesTests.m in Sources */,
			);
			runOnlyForDeploymentPostprocessing = 0;
		};
/* End PBXSourcesBuildPhase section */

/* Begin PBXTargetDependency section */
		C5FE74021A37AD9800A8934D /* PBXTargetDependency */ = {
			isa = PBXTargetDependency;
			target = C5FE73E61A37AD9800A8934D /* AbstractClasses */;
			targetProxy = C5FE74011A37AD9800A8934D /* PBXContainerItemProxy */;
		};
/* End PBXTargetDependency section */

/* Begin PBXVariantGroup section */
		C5FE73F41A37AD9800A8934D /* Main.storyboard */ = {
			isa = PBXVariantGroup;
			children = (
				C5FE73F51A37AD9800A8934D /* Base */,
			);
			name = Main.storyboard;
			sourceTree = "<group>";
		};
		C5FE73F91A37AD9800A8934D /* LaunchScreen.xib */ = {
			isa = PBXVariantGroup;
			children = (
				C5FE73FA1A37AD9800A8934D /* Base */,
			);
			name = LaunchScreen.xib;
			sourceTree = "<group>";
		};
/* End PBXVariantGroup section */

/* Begin XCBuildConfiguration section */
		C5FE74081A37AD9800A8934D /* Debug */ = {
			isa = XCBuildConfiguration;
			buildSettings = {
				ALWAYS_SEARCH_USER_PATHS = NO;
				CLANG_CXX_LANGUAGE_STANDARD = "gnu++0x";
				CLANG_CXX_LIBRARY = "libc++";
				CLANG_ENABLE_MODULES = YES;
				CLANG_ENABLE_OBJC_ARC = YES;
				CLANG_WARN_BOOL_CONVERSION = YES;
				CLANG_WARN_CONSTANT_CONVERSION = YES;
				CLANG_WARN_DIRECT_OBJC_ISA_USAGE = YES_ERROR;
				CLANG_WARN_EMPTY_BODY = YES;
				CLANG_WARN_ENUM_CONVERSION = YES;
				CLANG_WARN_INT_CONVERSION = YES;
				CLANG_WARN_OBJC_ROOT_CLASS = YES_ERROR;
				CLANG_WARN_UNREACHABLE_CODE = YES;
				CLANG_WARN__DUPLICATE_METHOD_MATCH = YES;
				"CODE_SIGN_IDENTITY[sdk=iphoneos*]" = "iPhone Developer";
				COPY_PHASE_STRIP = NO;
				ENABLE_STRICT_OBJC_MSGSEND = YES;
				GCC_C_LANGUAGE_STANDARD = gnu99;
				GCC_DYNAMIC_NO_PIC = NO;
				GCC_OPTIMIZATION_LEVEL = 0;
				GCC_PREPROCESSOR_DEFINITIONS = (
					"DEBUG=1",
					"$(inherited)",
				);
				GCC_SYMBOLS_PRIVATE_EXTERN = NO;
				GCC_WARN_64_TO_32_BIT_CONVERSION = YES;
				GCC_WARN_ABOUT_RETURN_TYPE = YES_ERROR;
				GCC_WARN_UNDECLARED_SELECTOR = YES;
				GCC_WARN_UNINITIALIZED_AUTOS = YES_AGGRESSIVE;
				GCC_WARN_UNUSED_FUNCTION = YES;
				GCC_WARN_UNUSED_VARIABLE = YES;
				IPHONEOS_DEPLOYMENT_TARGET = 8.1;
				MTL_ENABLE_DEBUG_INFO = YES;
				ONLY_ACTIVE_ARCH = YES;
				SDKROOT = iphoneos;
				TARGETED_DEVICE_FAMILY = "1,2";
			};
			name = Debug;
		};
		C5FE74091A37AD9800A8934D /* Release */ = {
			isa = XCBuildConfiguration;
			buildSettings = {
				ALWAYS_SEARCH_USER_PATHS = NO;
				CLANG_CXX_LANGUAGE_STANDARD = "gnu++0x";
				CLANG_CXX_LIBRARY = "libc++";
				CLANG_ENABLE_MODULES = YES;
				CLANG_ENABLE_OBJC_ARC = YES;
				CLANG_WARN_BOOL_CONVERSION = YES;
				CLANG_WARN_CONSTANT_CONVERSION = YES;
				CLANG_WARN_DIRECT_OBJC_ISA_USAGE = YES_ERROR;
				CLANG_WARN_EMPTY_BODY = YES;
				CLANG_WARN_ENUM_CONVERSION = YES;
				CLANG_WARN_INT_CONVERSION = YES;
				CLANG_WARN_OBJC_ROOT_CLASS = YES_ERROR;
				CLANG_WARN_UNREACHABLE_CODE = YES;
				CLANG_WARN__DUPLICATE_METHOD_MATCH = YES;
				"CODE_SIGN_IDENTITY[sdk=iphoneos*]" = "iPhone Developer";
				COPY_PHASE_STRIP = YES;
				ENABLE_NS_ASSERTIONS = NO;
				ENABLE_STRICT_OBJC_MSGSEND = YES;
				GCC_C_LANGUAGE_STANDARD = gnu99;
				GCC_WARN_64_TO_32_BIT_CONVERSION = YES;
				GCC_WARN_ABOUT_RETURN_TYPE = YES_ERROR;
				GCC_WARN_UNDECLARED_SELECTOR = YES;
				GCC_WARN_UNINITIALIZED_AUTOS = YES_AGGRESSIVE;
				GCC_WARN_UNUSED_FUNCTION = YES;
				GCC_WARN_UNUSED_VARIABLE = YES;
				IPHONEOS_DEPLOYMENT_TARGET = 8.1;
				MTL_ENABLE_DEBUG_INFO = NO;
				SDKROOT = iphoneos;
				TARGETED_DEVICE_FAMILY = "1,2";
				VALIDATE_PRODUCT = YES;
			};
			name = Release;
		};
		C5FE740B1A37AD9800A8934D /* Debug */ = {
			isa = XCBuildConfiguration;
			buildSettings = {
				ASSETCATALOG_COMPILER_APPICON_NAME = AppIcon;
				INFOPLIST_FILE = AbstractClasses/Info.plist;
				LD_RUNPATH_SEARCH_PATHS = "$(inherited) @executable_path/Frameworks";
				PRODUCT_NAME = "$(TARGET_NAME)";
			};
			name = Debug;
		};
		C5FE740C1A37AD9800A8934D /* Release */ = {
			isa = XCBuildConfiguration;
			buildSettings = {
				ASSETCATALOG_COMPILER_APPICON_NAME = AppIcon;
				INFOPLIST_FILE = AbstractClasses/Info.plist;
				LD_RUNPATH_SEARCH_PATHS = "$(inherited) @executable_path/Frameworks";
				PRODUCT_NAME = "$(TARGET_NAME)";
			};
			name = Release;
		};
		C5FE740E1A37AD9800A8934D /* Debug */ = {
			isa = XCBuildConfiguration;
			buildSettings = {
				BUNDLE_LOADER = "$(TEST_HOST)";
				FRAMEWORK_SEARCH_PATHS = (
					"$(SDKROOT)/Developer/Library/Frameworks",
					"$(inherited)",
				);
				GCC_PREPROCESSOR_DEFINITIONS = (
					"DEBUG=1",
					"$(inherited)",
				);
				INFOPLIST_FILE = AbstractClassesTests/Info.plist;
				LD_RUNPATH_SEARCH_PATHS = "$(inherited) @executable_path/Frameworks @loader_path/Frameworks";
				PRODUCT_NAME = "$(TARGET_NAME)";
				TEST_HOST = "$(BUILT_PRODUCTS_DIR)/AbstractClasses.app/AbstractClasses";
			};
			name = Debug;
		};
		C5FE740F1A37AD9800A8934D /* Release */ = {
			isa = XCBuildConfiguration;
			buildSettings = {
				BUNDLE_LOADER = "$(TEST_HOST)";
				FRAMEWORK_SEARCH_PATHS = (
					"$(SDKROOT)/Developer/Library/Frameworks",
					"$(inherited)",
				);
				INFOPLIST_FILE = AbstractClassesTests/Info.plist;
				LD_RUNPATH_SEARCH_PATHS = "$(inherited) @executable_path/Frameworks @loader_path/Frameworks";
				PRODUCT_NAME = "$(TARGET_NAME)";
				TEST_HOST = "$(BUILT_PRODUCTS_DIR)/AbstractClasses.app/AbstractClasses";
			};
			name = Release;
		};
/* End XCBuildConfiguration section */

/* Begin XCConfigurationList section */
		C5FE73E21A37AD9800A8934D /* Build configuration list for PBXProject "AbstractClasses" */ = {
			isa = XCConfigurationList;
			buildConfigurations = (
				C5FE74081A37AD9800A8934D /* Debug */,
				C5FE74091A37AD9800A8934D /* Release */,
			);
			defaultConfigurationIsVisible = 0;
			defaultConfigurationName = Release;
		};
		C5FE740A1A37AD9800A8934D /* Build configuration list for PBXNativeTarget "AbstractClasses" */ = {
			isa = XCConfigurationList;
			buildConfigurations = (
				C5FE740B1A37AD9800A8934D /* Debug */,
				C5FE740C1A37AD9800A8934D /* Release */,
			);
			defaultConfigurationIsVisible = 0;
		};
		C5FE740D1A37AD9800A8934D /* Build configuration list for PBXNativeTarget "AbstractClassesTests" */ = {
			isa = XCConfigurationList;
			buildConfigurations = (
				C5FE740E1A37AD9800A8934D /* Debug */,
				C5FE740F1A37AD9800A8934D /* Release */,
			);
			defaultConfigurationIsVisible = 0;
		};
/* End XCConfigurationList section */
	};
	rootObject = C5FE73DF1A37AD9800A8934D /* Project object */;
}
